{
  "name": "@file_router/anydoc-runtime",
  "lockfileVersion": 3,
  "requires": true,
  "packages": {
    "": {
      "name": "@file_router/anydoc-runtime",
      "dependencies": {
        "@firecrawl/anydoc": "0.1.1"
      },
      "devDependencies": {
        "@types/node": "^22",
        "typescript": "^6"
      }
    },
    "node_modules/@firecrawl/anydoc": {
      "version": "0.1.1",
      "resolved": "https://registry.npmjs.org/@firecrawl/anydoc/-/anydoc-0.1.1.tgz",
      "integrity": "sha512-zXTRxGQhbogy1dCdGCmfsn6h1/eMmiKpSEyI8nuEJ0IzoEiPzJ9BLkq2ggqc5tc0rKniJsYaHTbnDPS3IKyKCQ==",
      "license": "MIT",
      "engines": {
        "node": ">= 20"
      },
      "optionalDependencies": {
        "@firecrawl/anydoc-darwin-arm64": "0.1.1",
        "@firecrawl/anydoc-darwin-x64": "0.1.1",
        "@firecrawl/anydoc-linux-arm64-gnu": "0.1.1",
        "@firecrawl/anydoc-linux-arm64-musl": "0.1.1",
        "@firecrawl/anydoc-linux-x64-gnu": "0.1.1",
        "@firecrawl/anydoc-linux-x64-musl": "0.1.1",
        "@firecrawl/anydoc-win32-x64-msvc": "0.1.1"
      }
    },
    "node_modules/@firecrawl/anydoc-darwin-arm64": {
      "version": "0.1.1",
      "resolved": "https://registry.npmjs.org/@firecrawl/anydoc-darwin-arm64/-/anydoc-darwin-arm64-0.1.1.tgz",
      "integrity": "sha512-Ey3dtTjFRTu4dxSD/Y3yesxrw8W7lpUDMe7KiI31TLmx/hWFfaWQfKIUGmcDxu/QCafL/pBWuEgshMpDm8GXLg==",
      "cpu": [
        "arm64"
      ],
      "license": "MIT",
      "optional": true,
      "os": [
        "darwin"
      ],
      "engines": {
        "node": ">= 20"
      }
    },
    "node_modules/@firecrawl/anydoc-darwin-x64": {
      "version": "0.1.1",
      "resolved": "https://registry.npmjs.org/@firecrawl/anydoc-darwin-x64/-/anydoc-darwin-x64-0.1.1.tgz",
      "integrity": "sha512-6z+ZFvICgfQKyyLInXWkg/nNUWBrQfcAi57shoLrlYQ7Lw2xAQ1npWb4DrlmMtFpvx24L9z//47j8FZX1MQfGA==",
      "cpu": [
        "x64"
      ],
      "license": "MIT",
      "optional": true,
      "os": [
        "darwin"
      ],
      "engines": {
        "node": ">= 20"
      }
    },
    "node_modules/@firecrawl/anydoc-linux-arm64-gnu": {
      "version": "0.1.1",
      "resolved": "https://registry.npmjs.org/@firecrawl/anydoc-linux-arm64-gnu/-/anydoc-linux-arm64-gnu-0.1.1.tgz",
      "integrity": "sha512-m4m8xh+6s7EguRlHsl0v1ExlkO5iPWBC2diYbT26et7GKF+ypodkAc0Ty5y3kNb4ztNLhVocd+5KPeVYPmJbqA==",
      "cpu": [
        "arm64"
      ],
      "libc": [
        "glibc"
      ],
      "license": "MIT",
      "optional": true,
      "os": [
        "linux"
      ],
      "engines": {
        "node": ">= 20"
      }
    },
    "node_modules/@firecrawl/anydoc-linux-arm64-musl": {
      "version": "0.1.1",
      "resolved": "https://registry.npmjs.org/@firecrawl/anydoc-linux-arm64-musl/-/anydoc-linux-arm64-musl-0.1.1.tgz",
      "integrity": "sha512-a/SXa/CeytvK+XpJQEdxvE7kBssLdkRQgsfviPr/w9WPTO9milvU3eeWolci4lVUJOBznBsYkZLnS+ymrJz4hQ==",
      "cpu": [
        "arm64"
      ],
      "libc": [
        "musl"
      ],
      "license": "MIT",
      "optional": true,
      "os": [
        "linux"
      ],
      "engines": {
        "node": ">= 20"
      }
    },
    "node_modules/@firecrawl/anydoc-linux-x64-gnu": {
      "version": "0.1.1",
      "resolved": "https://registry.npmjs.org/@firecrawl/anydoc-linux-x64-gnu/-/anydoc-linux-x64-gnu-0.1.1.tgz",
      "integrity": "sha512-Bo9t/IB1wi4mlCdFZsrStFUCr0Lre3O/nZhYQ0eBcjYiLstx87cgY4B7dpgUAWTaC1Pp6Gm6XgjgeB03m4r7LA==",
      "cpu": [
        "x64"
      ],
      "libc": [
        "glibc"
      ],
      "license": "MIT",
      "optional": true,
      "os": [
        "linux"
      ],
      "engines": {
        "node": ">= 20"
      }
    },
    "node_modules/@firecrawl/anydoc-linux-x64-musl": {
      "version": "0.1.1",
      "resolved": "https://registry.npmjs.org/@firecrawl/anydoc-linux-x64-musl/-/anydoc-linux-x64-musl-0.1.1.tgz",
      "integrity": "sha512-tMrnUyxWnbVjub+bLDSQUWLQ0Jpdk6FsJjblt2/QXlmyqX+dv2Pgr5scwBGC59Q9M4xnBvujuM4SXHyVEuY+bQ==",
      "cpu": [
        "x64"
      ],
      "libc": [
        "musl"
      ],
      "license": "MIT",
      "optional": true,
      "os": [
        "linux"
      ],
      "engines": {
        "node": ">= 20"
      }
    },
    "node_modules/@firecrawl/anydoc-win32-x64-msvc": {
      "version": "0.1.1",
      "resolved": "https://registry.npmjs.org/@firecrawl/anydoc-win32-x64-msvc/-/anydoc-win32-x64-msvc-0.1.1.tgz",
      "integrity": "sha512-HKeNAGWBCErBQO1IKfe/e25Sdn3m0SfT/2F5zjO0Pa3p5AXhgSOcAV3j0mPYqa7sj3KPuqVFdEWWgAdNOScY0Q==",
      "cpu": [
        "x64"
      ],
      "license": "MIT",
      "optional": true,
      "os": [
        "win32"
      ],
      "engines": {
        "node": ">= 20"
      }
    },
    "node_modules/@types/node": {
      "version": "22.20.1",
      "resolved": "https://registry.npmjs.org/@types/node/-/node-22.20.1.tgz",
      "integrity": "sha512-EANqOCF9QFyra+4pfxUcX9STKJpCLjMbObVzljIJomAWSnuSIEAvyzEU53GaajbXJEgdh0iEcPL+DGvpUd4k1Q==",
      "dev": true,
      "license": "MIT",
      "dependencies": {
        "undici-types": "~6.21.0"
      }
    },
    "node_modules/typescript": {
      "version": "6.0.3",
      "resolved": "https://registry.npmjs.org/typescript/-/typescript-6.0.3.tgz",
      "integrity": "sha512-y2TvuxSZPDyQakkFRPZHKFm+KKVqIisdg9/CZwm9ftvKXLP8NRWj38/ODjNbr43SsoXqNuAisEf1GdCxqWcdBw==",
      "dev": true,
      "license": "Apache-2.0",
      "bin": {
        "tsc": "bin/tsc",
        "tsserver": "bin/tsserver"
      },
      "engines": {
        "node": ">=14.17"
      }
    },
    "node_modules/undici-types": {
      "version": "6.21.0",
      "resolved": "https://registry.npmjs.org/undici-types/-/undici-types-6.21.0.tgz",
      "integrity": "sha512-iwDZqg0QAGrg9Rav5H4n0M64c3mkR59cJ6wQp+7C4nI0gsmExaedaYLNO44eT4AtBBwjbTiGPMlt2Md0T9H9JQ==",
      "dev": true,
      "license": "MIT"
    }
  }
}
