{
  "name": "@file_router/liteparse-runtime",
  "lockfileVersion": 3,
  "requires": true,
  "packages": {
    "": {
      "name": "@file_router/liteparse-runtime",
      "dependencies": {
        "@llamaindex/liteparse": "2.10.1"
      },
      "devDependencies": {
        "@types/node": "^22",
        "typescript": "^6"
      }
    },
    "node_modules/@llamaindex/liteparse": {
      "version": "2.10.1",
      "resolved": "https://registry.npmjs.org/@llamaindex/liteparse/-/liteparse-2.10.1.tgz",
      "integrity": "sha512-BhkY1sBzBX9W5VyrTFMMeJ0mE/Hcu3bXFhesTSWTKIHT7F0OneurGa+30tLPNLbWd5M6Jg2EsQsALprDLArz+Q==",
      "license": "Apache-2.0",
      "dependencies": {
        "commander": "^12.0.0"
      },
      "bin": {
        "lit": "dist/cli.js",
        "liteparse": "dist/cli.js"
      },
      "engines": {
        "node": ">=18.0.0"
      },
      "optionalDependencies": {
        "@llamaindex/liteparse-darwin-arm64": "2.10.1",
        "@llamaindex/liteparse-darwin-x64": "2.10.1",
        "@llamaindex/liteparse-linux-arm64-gnu": "2.10.1",
        "@llamaindex/liteparse-linux-x64-gnu": "2.10.1",
        "@llamaindex/liteparse-linux-x64-musl": "2.10.1",
        "@llamaindex/liteparse-win32-arm64-msvc": "2.10.1",
        "@llamaindex/liteparse-win32-x64-msvc": "2.10.1"
      }
    },
    "node_modules/@llamaindex/liteparse-darwin-arm64": {
      "version": "2.10.1",
      "resolved": "https://registry.npmjs.org/@llamaindex/liteparse-darwin-arm64/-/liteparse-darwin-arm64-2.10.1.tgz",
      "integrity": "sha512-eEngfnfRnKK/0COwehkOl/uWAS/3QMWc84mnJyytNlpxiFnn1lGNVpwB08MagQXX2iRxi/md9BcfVFKGIQuUAA==",
      "cpu": [
        "arm64"
      ],
      "license": "Apache-2.0",
      "optional": true,
      "os": [
        "darwin"
      ]
    },
    "node_modules/@llamaindex/liteparse-darwin-x64": {
      "version": "2.10.1",
      "resolved": "https://registry.npmjs.org/@llamaindex/liteparse-darwin-x64/-/liteparse-darwin-x64-2.10.1.tgz",
      "integrity": "sha512-LDOCuPLarZzkePDBM1by9bHreP8qPt9oJtyVVULbwHXI23420P2FLYFYxiXEm3cYgfRGPvuZon0ietXjezTD3w==",
      "cpu": [
        "x64"
      ],
      "license": "Apache-2.0",
      "optional": true,
      "os": [
        "darwin"
      ]
    },
    "node_modules/@llamaindex/liteparse-linux-arm64-gnu": {
      "version": "2.10.1",
      "resolved": "https://registry.npmjs.org/@llamaindex/liteparse-linux-arm64-gnu/-/liteparse-linux-arm64-gnu-2.10.1.tgz",
      "integrity": "sha512-9CWqV6rD+J8Bm6n7k3Wpnll+eli78NLnWwfLuO5guC6nDJBNP1r39KBXGD60Sprq3R0vWAOkVV+HuEjZcc2lTQ==",
      "cpu": [
        "arm64"
      ],
      "libc": [
        "glibc"
      ],
      "license": "Apache-2.0",
      "optional": true,
      "os": [
        "linux"
      ]
    },
    "node_modules/@llamaindex/liteparse-linux-x64-gnu": {
      "version": "2.10.1",
      "resolved": "https://registry.npmjs.org/@llamaindex/liteparse-linux-x64-gnu/-/liteparse-linux-x64-gnu-2.10.1.tgz",
      "integrity": "sha512-O5Ep8Ykpb4caJsIP3/ohdyWQiXMhjfkxI1oVW7UtnBG8iDsqjQCTYSvcOmnRib7E4ud1dqy+T8m5vAtUcTwA4w==",
      "cpu": [
        "x64"
      ],
      "libc": [
        "glibc"
      ],
      "license": "Apache-2.0",
      "optional": true,
      "os": [
        "linux"
      ]
    },
    "node_modules/@llamaindex/liteparse-linux-x64-musl": {
      "version": "2.10.1",
      "resolved": "https://registry.npmjs.org/@llamaindex/liteparse-linux-x64-musl/-/liteparse-linux-x64-musl-2.10.1.tgz",
      "integrity": "sha512-3BMr+6a7YBBtD1kiBQR9VAroqWP9iBzuCX3H9CCkwxL61j+ldPbpdTzf75jhXo1/KkDN6eP6A9ntKDfZX1I0dg==",
      "cpu": [
        "x64"
      ],
      "libc": [
        "musl"
      ],
      "license": "Apache-2.0",
      "optional": true,
      "os": [
        "linux"
      ]
    },
    "node_modules/@llamaindex/liteparse-win32-arm64-msvc": {
      "version": "2.10.1",
      "resolved": "https://registry.npmjs.org/@llamaindex/liteparse-win32-arm64-msvc/-/liteparse-win32-arm64-msvc-2.10.1.tgz",
      "integrity": "sha512-eFzr8i8XaiMJ/jaKr3IeGVnpxoF2dcG5BhMkmf1VfuYSxTEFYKa6i+0tMbfdiiPlLBrOsJl2zw8YVr4jydeQmw==",
      "cpu": [
        "arm64"
      ],
      "license": "Apache-2.0",
      "optional": true,
      "os": [
        "win32"
      ]
    },
    "node_modules/@llamaindex/liteparse-win32-x64-msvc": {
      "version": "2.10.1",
      "resolved": "https://registry.npmjs.org/@llamaindex/liteparse-win32-x64-msvc/-/liteparse-win32-x64-msvc-2.10.1.tgz",
      "integrity": "sha512-f+TnS0kBR9PW4fj+UIsksy2aMW4aM64IpsvEV3828aQvk3zi/fc32r5ZY+WtHoyfxXJLSxN4qmD9aWNseTGDNw==",
      "cpu": [
        "x64"
      ],
      "license": "Apache-2.0",
      "optional": true,
      "os": [
        "win32"
      ]
    },
    "node_modules/@types/node": {
      "version": "22.20.1",
      "resolved": "https://registry.npmjs.org/@types/node/-/node-22.20.1.tgz",
      "integrity": "sha512-EANqOCF9QFyra+4pfxUcX9STKJpCLjMbObVzljIJomAWSnuSIEAvyzEU53GaajbXJEgdh0iEcPL+DGvpUd4k1Q==",
      "dev": true,
      "license": "MIT",
      "dependencies": {
        "undici-types": "~6.21.0"
      }
    },
    "node_modules/commander": {
      "version": "12.1.0",
      "resolved": "https://registry.npmjs.org/commander/-/commander-12.1.0.tgz",
      "integrity": "sha512-Vw8qHK3bZM9y/P10u3Vib8o/DdkvA2OtPtZvD871QKjy74Wj1WSKFILMPRPSdUSx5RFK1arlJzEtA4PkFgnbuA==",
      "license": "MIT",
      "engines": {
        "node": ">=18"
      }
    },
    "node_modules/typescript": {
      "version": "6.0.3",
      "resolved": "https://registry.npmjs.org/typescript/-/typescript-6.0.3.tgz",
      "integrity": "sha512-y2TvuxSZPDyQakkFRPZHKFm+KKVqIisdg9/CZwm9ftvKXLP8NRWj38/ODjNbr43SsoXqNuAisEf1GdCxqWcdBw==",
      "dev": true,
      "license": "Apache-2.0",
      "bin": {
        "tsc": "bin/tsc",
        "tsserver": "bin/tsserver"
      },
      "engines": {
        "node": ">=14.17"
      }
    },
    "node_modules/undici-types": {
      "version": "6.21.0",
      "resolved": "https://registry.npmjs.org/undici-types/-/undici-types-6.21.0.tgz",
      "integrity": "sha512-iwDZqg0QAGrg9Rav5H4n0M64c3mkR59cJ6wQp+7C4nI0gsmExaedaYLNO44eT4AtBBwjbTiGPMlt2Md0T9H9JQ==",
      "dev": true,
      "license": "MIT"
    }
  }
}
